
Microsoft Visual Studio Solution File, Format Version 12.00
# Visual Studio Version 16
VisualStudioVersion = 16.0.29709.97
MinimumVisualStudioVersion = 10.0.40219.1
Project("{FAE04EC0-301F-11D3-BF4B-00C04F79EFBC}") = "BethanysPieShop", "BethanysPieShop\BethanysPieShop.csproj", "{7C871FEC-619A-47C4-8BDE-375B9D17A13E}"
EndProject
Global
	GlobalSection(SolutionConfigurationPlatforms) = preSolution
		Debug|Any CPU = Debug|Any CPU
		Release|Any CPU = Release|Any CPU
	EndGlobalSection
	GlobalSection(ProjectConfigurationPlatforms) = postSolution
		{7C871FEC-619A-47C4-8BDE-375B9D17A13E}.Debug|Any CPU.ActiveCfg = Debug|Any CPU
		{7C871FEC-619A-47C4-8BDE-375B9D17A13E}.Debug|Any CPU.Build.0 = Debug|Any CPU
		{7C871FEC-619A-47C4-8BDE-375B9D17A13E}.Release|Any CPU.ActiveCfg = Release|Any CPU
		{7C871FEC-619A-47C4-8BDE-375B9D17A13E}.Release|Any CPU.Build.0 = Release|Any CPU
	EndGlobalSection
	GlobalSection(SolutionProperties) = preSolution
		HideSolutionNode = FALSE
	EndGlobalSection
	GlobalSection(ExtensibilityGlobals) = postSolution
		SolutionGuid = {301FF28B-A180-41BE-B238-4712BBF9667B}
	EndGlobalSection
EndGlobal
